
Microsoft Visual Studio Solution File, Format Version 12.00
# Visual Studio Version 17
VisualStudioVersion = 17.13.35919.96 d17.13
MinimumVisualStudioVersion = 10.0.40219.1
Project("{54A90642-561A-4BB1-A94E-469ADEE60C69}") = "reactapp.client", "reactapp.client\reactapp.client.esproj", "{F16E5317-484A-16D2-47D2-02D1DC85B063}"
EndProject
Project("{FAE04EC0-301F-11D3-BF4B-00C04F79EFBC}") = "ReactApp.Server", "ReactApp.Server\ReactApp.Server.csproj", "{12947343-614B-4266-9953-C341E60BAD99}"
EndProject
Global
	GlobalSection(SolutionConfigurationPlatforms) = preSolution
		Debug|Any CPU = Debug|Any CPU
		Release|Any CPU = Release|Any CPU
	EndGlobalSection
	GlobalSection(ProjectConfigurationPlatforms) = postSolution
		{F16E5317-484A-16D2-47D2-02D1DC85B063}.Debug|Any CPU.ActiveCfg = Debug|Any CPU
		{F16E5317-484A-16D2-47D2-02D1DC85B063}.Debug|Any CPU.Build.0 = Debug|Any CPU
		{F16E5317-484A-16D2-47D2-02D1DC85B063}.Debug|Any CPU.Deploy.0 = Debug|Any CPU
		{F16E5317-484A-16D2-47D2-02D1DC85B063}.Release|Any CPU.ActiveCfg = Release|Any CPU
		{F16E5317-484A-16D2-47D2-02D1DC85B063}.Release|Any CPU.Build.0 = Release|Any CPU
		{F16E5317-484A-16D2-47D2-02D1DC85B063}.Release|Any CPU.Deploy.0 = Release|Any CPU
		{12947343-614B-4266-9953-C341E60BAD99}.Debug|Any CPU.ActiveCfg = Debug|Any CPU
		{12947343-614B-4266-9953-C341E60BAD99}.Debug|Any CPU.Build.0 = Debug|Any CPU
		{12947343-614B-4266-9953-C341E60BAD99}.Release|Any CPU.ActiveCfg = Release|Any CPU
		{12947343-614B-4266-9953-C341E60BAD99}.Release|Any CPU.Build.0 = Release|Any CPU
	EndGlobalSection
	GlobalSection(SolutionProperties) = preSolution
		HideSolutionNode = FALSE
	EndGlobalSection
	GlobalSection(ExtensibilityGlobals) = postSolution
		SolutionGuid = {61A7A304-2DD0-4128-9B76-BC5956B3DF22}
	EndGlobalSection
EndGlobal
